// !$*UTF8*$!
{
	archiveVersion = 1;
	classes = {
	};
	objectVersion = 55;
	objects = {

/* Begin PBXBuildFile section */
		129A6534B5B5582686C053F6 /* Pods_test_diffable_datasourcesTests.framework in Frameworks */ = {isa = PBXBuildFile; fileRef = C8376B337B62E1103FCB5574 /* Pods_test_diffable_datasourcesTests.framework */; };
		BCCFFA0CEB33A2C13A4EAFC9 /* Pods_test_diffable_datasources.framework in Frameworks */ = {isa = PBXBuildFile; fileRef = F6C05E12F0FECBDC6CD89C81 /* Pods_test_diffable_datasources.framework */; };
		CA9B26A528CB04D100C267C6 /* AppDelegate.swift in Sources */ = {isa = PBXBuildFile; fileRef = CA9B26A428CB04D100C267C6 /* AppDelegate.swift */; };
		CA9B26A728CB04D100C267C6 /* SceneDelegate.swift in Sources */ = {isa = PBXBuildFile; fileRef = CA9B26A628CB04D100C267C6 /* SceneDelegate.swift */; };
		CA9B26A928CB04D100C267C6 /* ViewController.swift in Sources */ = {isa = PBXBuildFile; fileRef = CA9B26A828CB04D100C267C6 /* ViewController.swift */; };
		CA9B26AC28CB04D100C267C6 /* Main.storyboard in Resources */ = {isa = PBXBuildFile; fileRef = CA9B26AA28CB04D100C267C6 /* Main.storyboard */; };
		CA9B26AE28CB04D300C267C6 /* Assets.xcassets in Resources */ = {isa = PBXBuildFile; fileRef = CA9B26AD28CB04D300C267C6 /* Assets.xcassets */; };
		CA9B26B128CB04D300C267C6 /* LaunchScreen.storyboard in Resources */ = {isa = PBXBuildFile; fileRef = CA9B26AF28CB04D300C267C6 /* LaunchScreen.storyboard */; };
		CA9B26BC28CB04D300C267C6 /* test_diffable_datasourcesTests.swift in Sources */ = {isa = PBXBuildFile; fileRef = CA9B26BB28CB04D300C267C6 /* test_diffable_datasourcesTests.swift */; };
		CA9B26C628CB04D300C267C6 /* test_diffable_datasourcesUITests.swift in Sources */ = {isa = PBXBuildFile; fileRef = CA9B26C528CB04D300C267C6 /* test_diffable_datasourcesUITests.swift */; };
		CA9B26C828CB04D300C267C6 /* test_diffable_datasourcesUITestsLaunchTests.swift in Sources */ = {isa = PBXBuildFile; fileRef = CA9B26C728CB04D300C267C6 /* test_diffable_datasourcesUITestsLaunchTests.swift */; };
		D3DB3F3585DA6635396CBCFF /* Pods_test_diffable_datasources_test_diffable_datasourcesUITests.framework in Frameworks */ = {isa = PBXBuildFile; fileRef = 3B3607690C2CC078536408D0 /* Pods_test_diffable_datasources_test_diffable_datasourcesUITests.framework */; };
/* End PBXBuildFile section */

/* Begin PBXContainerItemProxy section */
		CA9B26B828CB04D300C267C6 /* PBXContainerItemProxy */ = {
			isa = PBXContainerItemProxy;
			containerPortal = CA9B269928CB04D100C267C6 /* Project object */;
			proxyType = 1;
			remoteGlobalIDString = CA9B26A028CB04D100C267C6;
			remoteInfo = "test-diffable-datasources";
		};
		CA9B26C228CB04D300C267C6 /* PBXContainerItemProxy */ = {
			isa = PBXContainerItemProxy;
			containerPortal = CA9B269928CB04D100C267C6 /* Project object */;
			proxyType = 1;
			remoteGlobalIDString = CA9B26A028CB04D100C267C6;
			remoteInfo = "test-diffable-datasources";
		};
/* End PBXContainerItemProxy section */

/* Begin PBXFileReference section */
		0A804F71667607BC79F923A4 /* Pods-test-diffable-datasourcesTests.debug.xcconfig */ = {isa = PBXFileReference; includeInIndex = 1; lastKnownFileType = text.xcconfig; name = "Pods-test-diffable-datasourcesTests.debug.xcconfig"; path = "Target Support Files/Pods-test-diffable-datasourcesTests/Pods-test-diffable-datasourcesTests.debug.xcconfig"; sourceTree = "<group>"; };
		190FE7336612032273C31686 /* Pods-test-diffable-datasources-test-diffable-datasourcesUITests.release.xcconfig */ = {isa = PBXFileReference; includeInIndex = 1; lastKnownFileType = text.xcconfig; name = "Pods-test-diffable-datasources-test-diffable-datasourcesUITests.release.xcconfig"; path = "Target Support Files/Pods-test-diffable-datasources-test-diffable-datasourcesUITests/Pods-test-diffable-datasources-test-diffable-datasourcesUITests.release.xcconfig"; sourceTree = "<group>"; };
		3B3607690C2CC078536408D0 /* Pods_test_diffable_datasources_test_diffable_datasourcesUITests.framework */ = {isa = PBXFileReference; explicitFileType = wrapper.framework; includeInIndex = 0; path = Pods_test_diffable_datasources_test_diffable_datasourcesUITests.framework; sourceTree = BUILT_PRODUCTS_DIR; };
		799B892398643D81876F6748 /* Pods-test-diffable-datasources-test-diffable-datasourcesUITests.debug.xcconfig */ = {isa = PBXFileReference; includeInIndex = 1; lastKnownFileType = text.xcconfig; name = "Pods-test-diffable-datasources-test-diffable-datasourcesUITests.debug.xcconfig"; path = "Target Support Files/Pods-test-diffable-datasources-test-diffable-datasourcesUITests/Pods-test-diffable-datasources-test-diffable-datasourcesUITests.debug.xcconfig"; sourceTree = "<group>"; };
		805756670F635462F3CBF248 /* Pods-test-diffable-datasourcesTests.release.xcconfig */ = {isa = PBXFileReference; includeInIndex = 1; lastKnownFileType = text.xcconfig; name = "Pods-test-diffable-datasourcesTests.release.xcconfig"; path = "Target Support Files/Pods-test-diffable-datasourcesTests/Pods-test-diffable-datasourcesTests.release.xcconfig"; sourceTree = "<group>"; };
		B871F2C66C8FD52EB23F3989 /* Pods-test-diffable-datasources.debug.xcconfig */ = {isa = PBXFileReference; includeInIndex = 1; lastKnownFileType = text.xcconfig; name = "Pods-test-diffable-datasources.debug.xcconfig"; path = "Target Support Files/Pods-test-diffable-datasources/Pods-test-diffable-datasources.debug.xcconfig"; sourceTree = "<group>"; };
		C8376B337B62E1103FCB5574 /* Pods_test_diffable_datasourcesTests.framework */ = {isa = PBXFileReference; explicitFileType = wrapper.framework; includeInIndex = 0; path = Pods_test_diffable_datasourcesTests.framework; sourceTree = BUILT_PRODUCTS_DIR; };
		CA9B26A128CB04D100C267C6 /* test-diffable-datasources.app */ = {isa = PBXFileReference; explicitFileType = wrapper.application; includeInIndex = 0; path = "test-diffable-datasources.app"; sourceTree = BUILT_PRODUCTS_DIR; };
		CA9B26A428CB04D100C267C6 /* AppDelegate.swift */ = {isa = PBXFileReference; lastKnownFileType = sourcecode.swift; path = AppDelegate.swift; sourceTree = "<group>"; };
		CA9B26A628CB04D100C267C6 /* SceneDelegate.swift */ = {isa = PBXFileReference; lastKnownFileType = sourcecode.swift; path = SceneDelegate.swift; sourceTree = "<group>"; };
		CA9B26A828CB04D100C267C6 /* ViewController.swift */ = {isa = PBXFileReference; lastKnownFileType = sourcecode.swift; path = ViewController.swift; sourceTree = "<group>"; };
		CA9B26AB28CB04D100C267C6 /* Base */ = {isa = PBXFileReference; lastKnownFileType = file.storyboard; name = Base; path = Base.lproj/Main.storyboard; sourceTree = "<group>"; };
		CA9B26AD28CB04D300C267C6 /* Assets.xcassets */ = {isa = PBXFileReference; lastKnownFileType = folder.assetcatalog; path = Assets.xcassets; sourceTree = "<group>"; };
		CA9B26B028CB04D300C267C6 /* Base */ = {isa = PBXFileReference; lastKnownFileType = file.storyboard; name = Base; path = Base.lproj/LaunchScreen.storyboard; sourceTree = "<group>"; };
		CA9B26B228CB04D300C267C6 /* Info.plist */ = {isa = PBXFileReference; lastKnownFileType = text.plist.xml; path = Info.plist; sourceTree = "<group>"; };
		CA9B26B728CB04D300C267C6 /* test-diffable-datasourcesTests.xctest */ = {isa = PBXFileReference; explicitFileType = wrapper.cfbundle; includeInIndex = 0; path = "test-diffable-datasourcesTests.xctest"; sourceTree = BUILT_PRODUCTS_DIR; };
		CA9B26BB28CB04D300C267C6 /* test_diffable_datasourcesTests.swift */ = {isa = PBXFileReference; lastKnownFileType = sourcecode.swift; path = test_diffable_datasourcesTests.swift; sourceTree = "<group>"; };
		CA9B26C128CB04D300C267C6 /* test-diffable-datasourcesUITests.xctest */ = {isa = PBXFileReference; explicitFileType = wrapper.cfbundle; includeInIndex = 0; path = "test-diffable-datasourcesUITests.xctest"; sourceTree = BUILT_PRODUCTS_DIR; };
		CA9B26C528CB04D300C267C6 /* test_diffable_datasourcesUITests.swift */ = {isa = PBXFileReference; lastKnownFileType = sourcecode.swift; path = test_diffable_datasourcesUITests.swift; sourceTree = "<group>"; };
		CA9B26C728CB04D300C267C6 /* test_diffable_datasourcesUITestsLaunchTests.swift */ = {isa = PBXFileReference; lastKnownFileType = sourcecode.swift; path = test_diffable_datasourcesUITestsLaunchTests.swift; sourceTree = "<group>"; };
		CACFB8932189E08E00D80A70 /* Pods-test-diffable-datasources.release.xcconfig */ = {isa = PBXFileReference; includeInIndex = 1; lastKnownFileType = text.xcconfig; name = "Pods-test-diffable-datasources.release.xcconfig"; path = "Target Support Files/Pods-test-diffable-datasources/Pods-test-diffable-datasources.release.xcconfig"; sourceTree = "<group>"; };
		F6C05E12F0FECBDC6CD89C81 /* Pods_test_diffable_datasources.framework */ = {isa = PBXFileReference; explicitFileType = wrapper.framework; includeInIndex = 0; path = Pods_test_diffable_datasources.framework; sourceTree = BUILT_PRODUCTS_DIR; };
/* End PBXFileReference section */

/* Begin PBXFrameworksBuildPhase section */
		CA9B269E28CB04D100C267C6 /* Frameworks */ = {
			isa = PBXFrameworksBuildPhase;
			buildActionMask = 2147483647;
			files = (
				BCCFFA0CEB33A2C13A4EAFC9 /* Pods_test_diffable_datasources.framework in Frameworks */,
			);
			runOnlyForDeploymentPostprocessing = 0;
		};
		CA9B26B428CB04D300C267C6 /* Frameworks */ = {
			isa = PBXFrameworksBuildPhase;
			buildActionMask = 2147483647;
			files = (
				129A6534B5B5582686C053F6 /* Pods_test_diffable_datasourcesTests.framework in Frameworks */,
			);
			runOnlyForDeploymentPostprocessing = 0;
		};
		CA9B26BE28CB04D300C267C6 /* Frameworks */ = {
			isa = PBXFrameworksBuildPhase;
			buildActionMask = 2147483647;
			files = (
				D3DB3F3585DA6635396CBCFF /* Pods_test_diffable_datasources_test_diffable_datasourcesUITests.framework in Frameworks */,
			);
			runOnlyForDeploymentPostprocessing = 0;
		};
/* End PBXFrameworksBuildPhase section */

/* Begin PBXGroup section */
		CA9B269828CB04D100C267C6 = {
			isa = PBXGroup;
			children = (
				CA9B26A328CB04D100C267C6 /* test-diffable-datasources */,
				CA9B26BA28CB04D300C267C6 /* test-diffable-datasourcesTests */,
				CA9B26C428CB04D300C267C6 /* test-diffable-datasourcesUITests */,
				CA9B26A228CB04D100C267C6 /* Products */,
				D437B60897CF9FFCBF84A13A /* Pods */,
				EAFE095E0E03E6CF3BAE21F2 /* Frameworks */,
			);
			sourceTree = "<group>";
		};
		CA9B26A228CB04D100C267C6 /* Products */ = {
			isa = PBXGroup;
			children = (
				CA9B26A128CB04D100C267C6 /* test-diffable-datasources.app */,
				CA9B26B728CB04D300C267C6 /* test-diffable-datasourcesTests.xctest */,
				CA9B26C128CB04D300C267C6 /* test-diffable-datasourcesUITests.xctest */,
			);
			name = Products;
			sourceTree = "<group>";
		};
		CA9B26A328CB04D100C267C6 /* test-diffable-datasources */ = {
			isa = PBXGroup;
			children = (
				CA9B26A428CB04D100C267C6 /* AppDelegate.swift */,
				CA9B26A628CB04D100C267C6 /* SceneDelegate.swift */,
				CA9B26A828CB04D100C267C6 /* ViewController.swift */,
				CA9B26AA28CB04D100C267C6 /* Main.storyboard */,
				CA9B26AD28CB04D300C267C6 /* Assets.xcassets */,
				CA9B26AF28CB04D300C267C6 /* LaunchScreen.storyboard */,
				CA9B26B228CB04D300C267C6 /* Info.plist */,
			);
			path = "test-diffable-datasources";
			sourceTree = "<group>";
		};
		CA9B26BA28CB04D300C267C6 /* test-diffable-datasourcesTests */ = {
			isa = PBXGroup;
			children = (
				CA9B26BB28CB04D300C267C6 /* test_diffable_datasourcesTests.swift */,
			);
			path = "test-diffable-datasourcesTests";
			sourceTree = "<group>";
		};
		CA9B26C428CB04D300C267C6 /* test-diffable-datasourcesUITests */ = {
			isa = PBXGroup;
			children = (
				CA9B26C528CB04D300C267C6 /* test_diffable_datasourcesUITests.swift */,
				CA9B26C728CB04D300C267C6 /* test_diffable_datasourcesUITestsLaunchTests.swift */,
			);
			path = "test-diffable-datasourcesUITests";
			sourceTree = "<group>";
		};
		D437B60897CF9FFCBF84A13A /* Pods */ = {
			isa = PBXGroup;
			children = (
				B871F2C66C8FD52EB23F3989 /* Pods-test-diffable-datasources.debug.xcconfig */,
				CACFB8932189E08E00D80A70 /* Pods-test-diffable-datasources.release.xcconfig */,
				799B892398643D81876F6748 /* Pods-test-diffable-datasources-test-diffable-datasourcesUITests.debug.xcconfig */,
				190FE7336612032273C31686 /* Pods-test-diffable-datasources-test-diffable-datasourcesUITests.release.xcconfig */,
				0A804F71667607BC79F923A4 /* Pods-test-diffable-datasourcesTests.debug.xcconfig */,
				805756670F635462F3CBF248 /* Pods-test-diffable-datasourcesTests.release.xcconfig */,
			);
			name = Pods;
			path = Pods;
			sourceTree = "<group>";
		};
		EAFE095E0E03E6CF3BAE21F2 /* Frameworks */ = {
			isa = PBXGroup;
			children = (
				F6C05E12F0FECBDC6CD89C81 /* Pods_test_diffable_datasources.framework */,
				3B3607690C2CC078536408D0 /* Pods_test_diffable_datasources_test_diffable_datasourcesUITests.framework */,
				C8376B337B62E1103FCB5574 /* Pods_test_diffable_datasourcesTests.framework */,
			);
			name = Frameworks;
			sourceTree = "<group>";
		};
/* End PBXGroup section */

/* Begin PBXNativeTarget section */
		CA9B26A028CB04D100C267C6 /* test-diffable-datasources */ = {
			isa = PBXNativeTarget;
			buildConfigurationList = CA9B26CB28CB04D300C267C6 /* Build configuration list for PBXNativeTarget "test-diffable-datasources" */;
			buildPhases = (
				6D2201B2119F1F542BC2B309 /* [CP] Check Pods Manifest.lock */,
				CA9B269D28CB04D100C267C6 /* Sources */,
				CA9B269E28CB04D100C267C6 /* Frameworks */,
				CA9B269F28CB04D100C267C6 /* Resources */,
				154C2DCC41E64FC709642DF7 /* [CP] Embed Pods Frameworks */,
			);
			buildRules = (
			);
			dependencies = (
			);
			name = "test-diffable-datasources";
			productName = "test-diffable-datasources";
			productReference = CA9B26A128CB04D100C267C6 /* test-diffable-datasources.app */;
			productType = "com.apple.product-type.application";
		};
		CA9B26B628CB04D300C267C6 /* test-diffable-datasourcesTests */ = {
			isa = PBXNativeTarget;
			buildConfigurationList = CA9B26CE28CB04D300C267C6 /* Build configuration list for PBXNativeTarget "test-diffable-datasourcesTests" */;
			buildPhases = (
				043B4CC4EB25D8DAA7AB5EB5 /* [CP] Check Pods Manifest.lock */,
				CA9B26B328CB04D300C267C6 /* Sources */,
				CA9B26B428CB04D300C267C6 /* Frameworks */,
				CA9B26B528CB04D300C267C6 /* Resources */,
			);
			buildRules = (
			);
			dependencies = (
				CA9B26B928CB04D300C267C6 /* PBXTargetDependency */,
			);
			name = "test-diffable-datasourcesTests";
			productName = "test-diffable-datasourcesTests";
			productReference = CA9B26B728CB04D300C267C6 /* test-diffable-datasourcesTests.xctest */;
			productType = "com.apple.product-type.bundle.unit-test";
		};
		CA9B26C028CB04D300C267C6 /* test-diffable-datasourcesUITests */ = {
			isa = PBXNativeTarget;
			buildConfigurationList = CA9B26D128CB04D300C267C6 /* Build configuration list for PBXNativeTarget "test-diffable-datasourcesUITests" */;
			buildPhases = (
				927F88063F432E8D7BFFD2EF /* [CP] Check Pods Manifest.lock */,
				CA9B26BD28CB04D300C267C6 /* Sources */,
				CA9B26BE28CB04D300C267C6 /* Frameworks */,
				CA9B26BF28CB04D300C267C6 /* Resources */,
				2BBF3B459F67A13577FC861F /* [CP] Embed Pods Frameworks */,
			);
			buildRules = (
			);
			dependencies = (
				CA9B26C328CB04D300C267C6 /* PBXTargetDependency */,
			);
			name = "test-diffable-datasourcesUITests";
			productName = "test-diffable-datasourcesUITests";
			productReference = CA9B26C128CB04D300C267C6 /* test-diffable-datasourcesUITests.xctest */;
			productType = "com.apple.product-type.bundle.ui-testing";
		};
/* End PBXNativeTarget section */

/* Begin PBXProject section */
		CA9B269928CB04D100C267C6 /* Project object */ = {
			isa = PBXProject;
			attributes = {
				BuildIndependentTargetsInParallel = 1;
				LastSwiftUpdateCheck = 1340;
				LastUpgradeCheck = 1340;
				TargetAttributes = {
					CA9B26A028CB04D100C267C6 = {
						CreatedOnToolsVersion = 13.4.1;
					};
					CA9B26B628CB04D300C267C6 = {
						CreatedOnToolsVersion = 13.4.1;
						TestTargetID = CA9B26A028CB04D100C267C6;
					};
					CA9B26C028CB04D300C267C6 = {
						CreatedOnToolsVersion = 13.4.1;
						TestTargetID = CA9B26A028CB04D100C267C6;
					};
				};
			};
			buildConfigurationList = CA9B269C28CB04D100C267C6 /* Build configuration list for PBXProject "test-diffable-datasources" */;
			compatibilityVersion = "Xcode 13.0";
			developmentRegion = en;
			hasScannedForEncodings = 0;
			knownRegions = (
				en,
				Base,
			);
			mainGroup = CA9B269828CB04D100C267C6;
			productRefGroup = CA9B26A228CB04D100C267C6 /* Products */;
			projectDirPath = "";
			projectRoot = "";
			targets = (
				CA9B26A028CB04D100C267C6 /* test-diffable-datasources */,
				CA9B26B628CB04D300C267C6 /* test-diffable-datasourcesTests */,
				CA9B26C028CB04D300C267C6 /* test-diffable-datasourcesUITests */,
			);
		};
/* End PBXProject section */

/* Begin PBXResourcesBuildPhase section */
		CA9B269F28CB04D100C267C6 /* Resources */ = {
			isa = PBXResourcesBuildPhase;
			buildActionMask = 2147483647;
			files = (
				CA9B26B128CB04D300C267C6 /* LaunchScreen.storyboard in Resources */,
				CA9B26AE28CB04D300C267C6 /* Assets.xcassets in Resources */,
				CA9B26AC28CB04D100C267C6 /* Main.storyboard in Resources */,
			);
			runOnlyForDeploymentPostprocessing = 0;
		};
		CA9B26B528CB04D300C267C6 /* Resources */ = {
			isa = PBXResourcesBuildPhase;
			buildActionMask = 2147483647;
			files = (
			);
			runOnlyForDeploymentPostprocessing = 0;
		};
		CA9B26BF28CB04D300C267C6 /* Resources */ = {
			isa = PBXResourcesBuildPhase;
			buildActionMask = 2147483647;
			files = (
			);
			runOnlyForDeploymentPostprocessing = 0;
		};
/* End PBXResourcesBuildPhase section */

/* Begin PBXShellScriptBuildPhase section */
		043B4CC4EB25D8DAA7AB5EB5 /* [CP] Check Pods Manifest.lock */ = {
			isa = PBXShellScriptBuildPhase;
			buildActionMask = 2147483647;
			files = (
			);
			inputFileListPaths = (
			);
			inputPaths = (
				"${PODS_PODFILE_DIR_PATH}/Podfile.lock",
				"${PODS_ROOT}/Manifest.lock",
			);
			name = "[CP] Check Pods Manifest.lock";
			outputFileListPaths = (
			);
			outputPaths = (
				"$(DERIVED_FILE_DIR)/Pods-test-diffable-datasourcesTests-checkManifestLockResult.txt",
			);
			runOnlyForDeploymentPostprocessing = 0;
			shellPath = /bin/sh;
			shellScript = "diff \"${PODS_PODFILE_DIR_PATH}/Podfile.lock\" \"${PODS_ROOT}/Manifest.lock\" > /dev/null\nif [ $? != 0 ] ; then\n    # print error to STDERR\n    echo \"error: The sandbox is not in sync with the Podfile.lock. Run 'pod install' or update your CocoaPods installation.\" >&2\n    exit 1\nfi\n# This output is used by Xcode 'outputs' to avoid re-running this script phase.\necho \"SUCCESS\" > \"${SCRIPT_OUTPUT_FILE_0}\"\n";
			showEnvVarsInLog = 0;
		};
		154C2DCC41E64FC709642DF7 /* [CP] Embed Pods Frameworks */ = {
			isa = PBXShellScriptBuildPhase;
			buildActionMask = 2147483647;
			files = (
			);
			inputFileListPaths = (
				"${PODS_ROOT}/Target Support Files/Pods-test-diffable-datasources/Pods-test-diffable-datasources-frameworks-${CONFIGURATION}-input-files.xcfilelist",
			);
			name = "[CP] Embed Pods Frameworks";
			outputFileListPaths = (
				"${PODS_ROOT}/Target Support Files/Pods-test-diffable-datasources/Pods-test-diffable-datasources-frameworks-${CONFIGURATION}-output-files.xcfilelist",
			);
			runOnlyForDeploymentPostprocessing = 0;
			shellPath = /bin/sh;
			shellScript = "\"${PODS_ROOT}/Target Support Files/Pods-test-diffable-datasources/Pods-test-diffable-datasources-frameworks.sh\"\n";
			showEnvVarsInLog = 0;
		};
		2BBF3B459F67A13577FC861F /* [CP] Embed Pods Frameworks */ = {
			isa = PBXShellScriptBuildPhase;
			buildActionMask = 2147483647;
			files = (
			);
			inputFileListPaths = (
				"${PODS_ROOT}/Target Support Files/Pods-test-diffable-datasources-test-diffable-datasourcesUITests/Pods-test-diffable-datasources-test-diffable-datasourcesUITests-frameworks-${CONFIGURATION}-input-files.xcfilelist",
			);
			name = "[CP] Embed Pods Frameworks";
			outputFileListPaths = (
				"${PODS_ROOT}/Target Support Files/Pods-test-diffable-datasources-test-diffable-datasourcesUITests/Pods-test-diffable-datasources-test-diffable-datasourcesUITests-frameworks-${CONFIGURATION}-output-files.xcfilelist",
			);
			runOnlyForDeploymentPostprocessing = 0;
			shellPath = /bin/sh;
			shellScript = "\"${PODS_ROOT}/Target Support Files/Pods-test-diffable-datasources-test-diffable-datasourcesUITests/Pods-test-diffable-datasources-test-diffable-datasourcesUITests-frameworks.sh\"\n";
			showEnvVarsInLog = 0;
		};
		6D2201B2119F1F542BC2B309 /* [CP] Check Pods Manifest.lock */ = {
			isa = PBXShellScriptBuildPhase;
			buildActionMask = 2147483647;
			files = (
			);
			inputFileListPaths = (
			);
			inputPaths = (
				"${PODS_PODFILE_DIR_PATH}/Podfile.lock",
				"${PODS_ROOT}/Manifest.lock",
			);
			name = "[CP] Check Pods Manifest.lock";
			outputFileListPaths = (
			);
			outputPaths = (
				"$(DERIVED_FILE_DIR)/Pods-test-diffable-datasources-checkManifestLockResult.txt",
			);
			runOnlyForDeploymentPostprocessing = 0;
			shellPath = /bin/sh;
			shellScript = "diff \"${PODS_PODFILE_DIR_PATH}/Podfile.lock\" \"${PODS_ROOT}/Manifest.lock\" > /dev/null\nif [ $? != 0 ] ; then\n    # print error to STDERR\n    echo \"error: The sandbox is not in sync with the Podfile.lock. Run 'pod install' or update your CocoaPods installation.\" >&2\n    exit 1\nfi\n# This output is used by Xcode 'outputs' to avoid re-running this script phase.\necho \"SUCCESS\" > \"${SCRIPT_OUTPUT_FILE_0}\"\n";
			showEnvVarsInLog = 0;
		};
		927F88063F432E8D7BFFD2EF /* [CP] Check Pods Manifest.lock */ = {
			isa = PBXShellScriptBuildPhase;
			buildActionMask = 2147483647;
			files = (
			);
			inputFileListPaths = (
			);
			inputPaths = (
				"${PODS_PODFILE_DIR_PATH}/Podfile.lock",
				"${PODS_ROOT}/Manifest.lock",
			);
			name = "[CP] Check Pods Manifest.lock";
			outputFileListPaths = (
			);
			outputPaths = (
				"$(DERIVED_FILE_DIR)/Pods-test-diffable-datasources-test-diffable-datasourcesUITests-checkManifestLockResult.txt",
			);
			runOnlyForDeploymentPostprocessing = 0;
			shellPath = /bin/sh;
			shellScript = "diff \"${PODS_PODFILE_DIR_PATH}/Podfile.lock\" \"${PODS_ROOT}/Manifest.lock\" > /dev/null\nif [ $? != 0 ] ; then\n    # print error to STDERR\n    echo \"error: The sandbox is not in sync with the Podfile.lock. Run 'pod install' or update your CocoaPods installation.\" >&2\n    exit 1\nfi\n# This output is used by Xcode 'outputs' to avoid re-running this script phase.\necho \"SUCCESS\" > \"${SCRIPT_OUTPUT_FILE_0}\"\n";
			showEnvVarsInLog = 0;
		};
/* End PBXShellScriptBuildPhase section */

/* Begin PBXSourcesBuildPhase section */
		CA9B269D28CB04D100C267C6 /* Sources */ = {
			isa = PBXSourcesBuildPhase;
			buildActionMask = 2147483647;
			files = (
				CA9B26A928CB04D100C267C6 /* ViewController.swift in Sources */,
				CA9B26A528CB04D100C267C6 /* AppDelegate.swift in Sources */,
				CA9B26A728CB04D100C267C6 /* SceneDelegate.swift in Sources */,
			);
			runOnlyForDeploymentPostprocessing = 0;
		};
		CA9B26B328CB04D300C267C6 /* Sources */ = {
			isa = PBXSourcesBuildPhase;
			buildActionMask = 2147483647;
			files = (
				CA9B26BC28CB04D300C267C6 /* test_diffable_datasourcesTests.swift in Sources */,
			);
			runOnlyForDeploymentPostprocessing = 0;
		};
		CA9B26BD28CB04D300C267C6 /* Sources */ = {
			isa = PBXSourcesBuildPhase;
			buildActionMask = 2147483647;
			files = (
				CA9B26C828CB04D300C267C6 /* test_diffable_datasourcesUITestsLaunchTests.swift in Sources */,
				CA9B26C628CB04D300C267C6 /* test_diffable_datasourcesUITests.swift in Sources */,
			);
			runOnlyForDeploymentPostprocessing = 0;
		};
/* End PBXSourcesBuildPhase section */

/* Begin PBXTargetDependency section */
		CA9B26B928CB04D300C267C6 /* PBXTargetDependency */ = {
			isa = PBXTargetDependency;
			target = CA9B26A028CB04D100C267C6 /* test-diffable-datasources */;
			targetProxy = CA9B26B828CB04D300C267C6 /* PBXContainerItemProxy */;
		};
		CA9B26C328CB04D300C267C6 /* PBXTargetDependency */ = {
			isa = PBXTargetDependency;
			target = CA9B26A028CB04D100C267C6 /* test-diffable-datasources */;
			targetProxy = CA9B26C228CB04D300C267C6 /* PBXContainerItemProxy */;
		};
/* End PBXTargetDependency section */

/* Begin PBXVariantGroup section */
		CA9B26AA28CB04D100C267C6 /* Main.storyboard */ = {
			isa = PBXVariantGroup;
			children = (
				CA9B26AB28CB04D100C267C6 /* Base */,
			);
			name = Main.storyboard;
			sourceTree = "<group>";
		};
		CA9B26AF28CB04D300C267C6 /* LaunchScreen.storyboard */ = {
			isa = PBXVariantGroup;
			children = (
				CA9B26B028CB04D300C267C6 /* Base */,
			);
			name = LaunchScreen.storyboard;
			sourceTree = "<group>";
		};
/* End PBXVariantGroup section */

/* Begin XCBuildConfiguration section */
		CA9B26C928CB04D300C267C6 /* Debug */ = {
			isa = XCBuildConfiguration;
			buildSettings = {
				ALWAYS_SEARCH_USER_PATHS = NO;
				CLANG_ANALYZER_NONNULL = YES;
				CLANG_ANALYZER_NUMBER_OBJECT_CONVERSION = YES_AGGRESSIVE;
				CLANG_CXX_LANGUAGE_STANDARD = "gnu++17";
				CLANG_ENABLE_MODULES = YES;
				CLANG_ENABLE_OBJC_ARC = YES;
				CLANG_ENABLE_OBJC_WEAK = YES;
				CLANG_WARN_BLOCK_CAPTURE_AUTORELEASING = YES;
				CLANG_WARN_BOOL_CONVERSION = YES;
				CLANG_WARN_COMMA = YES;
				CLANG_WARN_CONSTANT_CONVERSION = YES;
				CLANG_WARN_DEPRECATED_OBJC_IMPLEMENTATIONS = YES;
				CLANG_WARN_DIRECT_OBJC_ISA_USAGE = YES_ERROR;
				CLANG_WARN_DOCUMENTATION_COMMENTS = YES;
				CLANG_WARN_EMPTY_BODY = YES;
				CLANG_WARN_ENUM_CONVERSION = YES;
				CLANG_WARN_INFINITE_RECURSION = YES;
				CLANG_WARN_INT_CONVERSION = YES;
				CLANG_WARN_NON_LITERAL_NULL_CONVERSION = YES;
				CLANG_WARN_OBJC_IMPLICIT_RETAIN_SELF = YES;
				CLANG_WARN_OBJC_LITERAL_CONVERSION = YES;
				CLANG_WARN_OBJC_ROOT_CLASS = YES_ERROR;
				CLANG_WARN_QUOTED_INCLUDE_IN_FRAMEWORK_HEADER = YES;
				CLANG_WARN_RANGE_LOOP_ANALYSIS = YES;
				CLANG_WARN_STRICT_PROTOTYPES = YES;
				CLANG_WARN_SUSPICIOUS_MOVE = YES;
				CLANG_WARN_UNGUARDED_AVAILABILITY = YES_AGGRESSIVE;
				CLANG_WARN_UNREACHABLE_CODE = YES;
				CLANG_WARN__DUPLICATE_METHOD_MATCH = YES;
				COPY_PHASE_STRIP = NO;
				DEBUG_INFORMATION_FORMAT = dwarf;
				ENABLE_STRICT_OBJC_MSGSEND = YES;
				ENABLE_TESTABILITY = YES;
				GCC_C_LANGUAGE_STANDARD = gnu11;
				GCC_DYNAMIC_NO_PIC = NO;
				GCC_NO_COMMON_BLOCKS = YES;
				GCC_OPTIMIZATION_LEVEL = 0;
				GCC_PREPROCESSOR_DEFINITIONS = (
					"DEBUG=1",
					"$(inherited)",
				);
				GCC_WARN_64_TO_32_BIT_CONVERSION = YES;
				GCC_WARN_ABOUT_RETURN_TYPE = YES_ERROR;
				GCC_WARN_UNDECLARED_SELECTOR = YES;
				GCC_WARN_UNINITIALIZED_AUTOS = YES_AGGRESSIVE;
				GCC_WARN_UNUSED_FUNCTION = YES;
				GCC_WARN_UNUSED_VARIABLE = YES;
				IPHONEOS_DEPLOYMENT_TARGET = 15.5;
				MTL_ENABLE_DEBUG_INFO = INCLUDE_SOURCE;
				MTL_FAST_MATH = YES;
				ONLY_ACTIVE_ARCH = YES;
				SDKROOT = iphoneos;
				SWIFT_ACTIVE_COMPILATION_CONDITIONS = DEBUG;
				SWIFT_OPTIMIZATION_LEVEL = "-Onone";
			};
			name = Debug;
		};
		CA9B26CA28CB04D300C267C6 /* Release */ = {
			isa = XCBuildConfiguration;
			buildSettings = {
				ALWAYS_SEARCH_USER_PATHS = NO;
				CLANG_ANALYZER_NONNULL = YES;
				CLANG_ANALYZER_NUMBER_OBJECT_CONVERSION = YES_AGGRESSIVE;
				CLANG_CXX_LANGUAGE_STANDARD = "gnu++17";
				CLANG_ENABLE_MODULES = YES;
				CLANG_ENABLE_OBJC_ARC = YES;
				CLANG_ENABLE_OBJC_WEAK = YES;
				CLANG_WARN_BLOCK_CAPTURE_AUTORELEASING = YES;
				CLANG_WARN_BOOL_CONVERSION = YES;
				CLANG_WARN_COMMA = YES;
				CLANG_WARN_CONSTANT_CONVERSION = YES;
				CLANG_WARN_DEPRECATED_OBJC_IMPLEMENTATIONS = YES;
				CLANG_WARN_DIRECT_OBJC_ISA_USAGE = YES_ERROR;
				CLANG_WARN_DOCUMENTATION_COMMENTS = YES;
				CLANG_WARN_EMPTY_BODY = YES;
				CLANG_WARN_ENUM_CONVERSION = YES;
				CLANG_WARN_INFINITE_RECURSION = YES;
				CLANG_WARN_INT_CONVERSION = YES;
				CLANG_WARN_NON_LITERAL_NULL_CONVERSION = YES;
				CLANG_WARN_OBJC_IMPLICIT_RETAIN_SELF = YES;
				CLANG_WARN_OBJC_LITERAL_CONVERSION = YES;
				CLANG_WARN_OBJC_ROOT_CLASS = YES_ERROR;
				CLANG_WARN_QUOTED_INCLUDE_IN_FRAMEWORK_HEADER = YES;
				CLANG_WARN_RANGE_LOOP_ANALYSIS = YES;
				CLANG_WARN_STRICT_PROTOTYPES = YES;
				CLANG_WARN_SUSPICIOUS_MOVE = YES;
				CLANG_WARN_UNGUARDED_AVAILABILITY = YES_AGGRESSIVE;
				CLANG_WARN_UNREACHABLE_CODE = YES;
				CLANG_WARN__DUPLICATE_METHOD_MATCH = YES;
				COPY_PHASE_STRIP = NO;
				DEBUG_INFORMATION_FORMAT = "dwarf-with-dsym";
				ENABLE_NS_ASSERTIONS = NO;
				ENABLE_STRICT_OBJC_MSGSEND = YES;
				GCC_C_LANGUAGE_STANDARD = gnu11;
				GCC_NO_COMMON_BLOCKS = YES;
				GCC_WARN_64_TO_32_BIT_CONVERSION = YES;
				GCC_WARN_ABOUT_RETURN_TYPE = YES_ERROR;
				GCC_WARN_UNDECLARED_SELECTOR = YES;
				GCC_WARN_UNINITIALIZED_AUTOS = YES_AGGRESSIVE;
				GCC_WARN_UNUSED_FUNCTION = YES;
				GCC_WARN_UNUSED_VARIABLE = YES;
				IPHONEOS_DEPLOYMENT_TARGET = 15.5;
				MTL_ENABLE_DEBUG_INFO = NO;
				MTL_FAST_MATH = YES;
				SDKROOT = iphoneos;
				SWIFT_COMPILATION_MODE = wholemodule;
				SWIFT_OPTIMIZATION_LEVEL = "-O";
				VALIDATE_PRODUCT = YES;
			};
			name = Release;
		};
		CA9B26CC28CB04D300C267C6 /* Debug */ = {
			isa = XCBuildConfiguration;
			baseConfigurationReference = B871F2C66C8FD52EB23F3989 /* Pods-test-diffable-datasources.debug.xcconfig */;
			buildSettings = {
				ASSETCATALOG_COMPILER_APPICON_NAME = AppIcon;
				ASSETCATALOG_COMPILER_GLOBAL_ACCENT_COLOR_NAME = AccentColor;
				CODE_SIGN_STYLE = Automatic;
				CURRENT_PROJECT_VERSION = 1;
				DEVELOPMENT_TEAM = 3HP9CY8GRT;
				GENERATE_INFOPLIST_FILE = YES;
				INFOPLIST_FILE = "test-diffable-datasources/Info.plist";
				INFOPLIST_KEY_UIApplicationSupportsIndirectInputEvents = YES;
				INFOPLIST_KEY_UILaunchStoryboardName = LaunchScreen;
				INFOPLIST_KEY_UIMainStoryboardFile = Main;
				INFOPLIST_KEY_UISupportedInterfaceOrientations_iPad = "UIInterfaceOrientationPortrait UIInterfaceOrientationPortraitUpsideDown UIInterfaceOrientationLandscapeLeft UIInterfaceOrientationLandscapeRight";
				INFOPLIST_KEY_UISupportedInterfaceOrientations_iPhone = "UIInterfaceOrientationPortrait UIInterfaceOrientationLandscapeLeft UIInterfaceOrientationLandscapeRight";
				LD_RUNPATH_SEARCH_PATHS = (
					"$(inherited)",
					"@executable_path/Frameworks",
				);
				MARKETING_VERSION = 1.0;
				PRODUCT_BUNDLE_IDENTIFIER = "ltman.test-diffable-datasources";
				PRODUCT_NAME = "$(TARGET_NAME)";
				SWIFT_EMIT_LOC_STRINGS = YES;
				SWIFT_VERSION = 5.0;
				TARGETED_DEVICE_FAMILY = "1,2";
			};
			name = Debug;
		};
		CA9B26CD28CB04D300C267C6 /* Release */ = {
			isa = XCBuildConfiguration;
			baseConfigurationReference = CACFB8932189E08E00D80A70 /* Pods-test-diffable-datasources.release.xcconfig */;
			buildSettings = {
				ASSETCATALOG_COMPILER_APPICON_NAME = AppIcon;
				ASSETCATALOG_COMPILER_GLOBAL_ACCENT_COLOR_NAME = AccentColor;
				CODE_SIGN_STYLE = Automatic;
				CURRENT_PROJECT_VERSION = 1;
				DEVELOPMENT_TEAM = 3HP9CY8GRT;
				GENERATE_INFOPLIST_FILE = YES;
				INFOPLIST_FILE = "test-diffable-datasources/Info.plist";
				INFOPLIST_KEY_UIApplicationSupportsIndirectInputEvents = YES;
				INFOPLIST_KEY_UILaunchStoryboardName = LaunchScreen;
				INFOPLIST_KEY_UIMainStoryboardFile = Main;
				INFOPLIST_KEY_UISupportedInterfaceOrientations_iPad = "UIInterfaceOrientationPortrait UIInterfaceOrientationPortraitUpsideDown UIInterfaceOrientationLandscapeLeft UIInterfaceOrientationLandscapeRight";
				INFOPLIST_KEY_UISupportedInterfaceOrientations_iPhone = "UIInterfaceOrientationPortrait UIInterfaceOrientationLandscapeLeft UIInterfaceOrientationLandscapeRight";
				LD_RUNPATH_SEARCH_PATHS = (
					"$(inherited)",
					"@executable_path/Frameworks",
				);
				MARKETING_VERSION = 1.0;
				PRODUCT_BUNDLE_IDENTIFIER = "ltman.test-diffable-datasources";
				PRODUCT_NAME = "$(TARGET_NAME)";
				SWIFT_EMIT_LOC_STRINGS = YES;
				SWIFT_VERSION = 5.0;
				TARGETED_DEVICE_FAMILY = "1,2";
			};
			name = Release;
		};
		CA9B26CF28CB04D300C267C6 /* Debug */ = {
			isa = XCBuildConfiguration;
			baseConfigurationReference = 0A804F71667607BC79F923A4 /* Pods-test-diffable-datasourcesTests.debug.xcconfig */;
			buildSettings = {
				ALWAYS_EMBED_SWIFT_STANDARD_LIBRARIES = YES;
				BUNDLE_LOADER = "$(TEST_HOST)";
				CODE_SIGN_STYLE = Automatic;
				CURRENT_PROJECT_VERSION = 1;
				DEVELOPMENT_TEAM = 3HP9CY8GRT;
				GENERATE_INFOPLIST_FILE = YES;
				IPHONEOS_DEPLOYMENT_TARGET = 15.5;
				MARKETING_VERSION = 1.0;
				PRODUCT_BUNDLE_IDENTIFIER = "ltman.test-diffable-datasourcesTests";
				PRODUCT_NAME = "$(TARGET_NAME)";
				SWIFT_EMIT_LOC_STRINGS = NO;
				SWIFT_VERSION = 5.0;
				TARGETED_DEVICE_FAMILY = "1,2";
				TEST_HOST = "$(BUILT_PRODUCTS_DIR)/test-diffable-datasources.app/test-diffable-datasources";
			};
			name = Debug;
		};
		CA9B26D028CB04D300C267C6 /* Release */ = {
			isa = XCBuildConfiguration;
			baseConfigurationReference = 805756670F635462F3CBF248 /* Pods-test-diffable-datasourcesTests.release.xcconfig */;
			buildSettings = {
				ALWAYS_EMBED_SWIFT_STANDARD_LIBRARIES = YES;
				BUNDLE_LOADER = "$(TEST_HOST)";
				CODE_SIGN_STYLE = Automatic;
				CURRENT_PROJECT_VERSION = 1;
				DEVELOPMENT_TEAM = 3HP9CY8GRT;
				GENERATE_INFOPLIST_FILE = YES;
				IPHONEOS_DEPLOYMENT_TARGET = 15.5;
				MARKETING_VERSION = 1.0;
				PRODUCT_BUNDLE_IDENTIFIER = "ltman.test-diffable-datasourcesTests";
				PRODUCT_NAME = "$(TARGET_NAME)";
				SWIFT_EMIT_LOC_STRINGS = NO;
				SWIFT_VERSION = 5.0;
				TARGETED_DEVICE_FAMILY = "1,2";
				TEST_HOST = "$(BUILT_PRODUCTS_DIR)/test-diffable-datasources.app/test-diffable-datasources";
			};
			name = Release;
		};
		CA9B26D228CB04D300C267C6 /* Debug */ = {
			isa = XCBuildConfiguration;
			baseConfigurationReference = 799B892398643D81876F6748 /* Pods-test-diffable-datasources-test-diffable-datasourcesUITests.debug.xcconfig */;
			buildSettings = {
				ALWAYS_EMBED_SWIFT_STANDARD_LIBRARIES = YES;
				CODE_SIGN_STYLE = Automatic;
				CURRENT_PROJECT_VERSION = 1;
				DEVELOPMENT_TEAM = 3HP9CY8GRT;
				GENERATE_INFOPLIST_FILE = YES;
				MARKETING_VERSION = 1.0;
				PRODUCT_BUNDLE_IDENTIFIER = "ltman.test-diffable-datasourcesUITests";
				PRODUCT_NAME = "$(TARGET_NAME)";
				SWIFT_EMIT_LOC_STRINGS = NO;
				SWIFT_VERSION = 5.0;
				TARGETED_DEVICE_FAMILY = "1,2";
				TEST_TARGET_NAME = "test-diffable-datasources";
			};
			name = Debug;
		};
		CA9B26D328CB04D300C267C6 /* Release */ = {
			isa = XCBuildConfiguration;
			baseConfigurationReference = 190FE7336612032273C31686 /* Pods-test-diffable-datasources-test-diffable-datasourcesUITests.release.xcconfig */;
			buildSettings = {
				ALWAYS_EMBED_SWIFT_STANDARD_LIBRARIES = YES;
				CODE_SIGN_STYLE = Automatic;
				CURRENT_PROJECT_VERSION = 1;
				DEVELOPMENT_TEAM = 3HP9CY8GRT;
				GENERATE_INFOPLIST_FILE = YES;
				MARKETING_VERSION = 1.0;
				PRODUCT_BUNDLE_IDENTIFIER = "ltman.test-diffable-datasourcesUITests";
				PRODUCT_NAME = "$(TARGET_NAME)";
				SWIFT_EMIT_LOC_STRINGS = NO;
				SWIFT_VERSION = 5.0;
				TARGETED_DEVICE_FAMILY = "1,2";
				TEST_TARGET_NAME = "test-diffable-datasources";
			};
			name = Release;
		};
/* End XCBuildConfiguration section */

/* Begin XCConfigurationList section */
		CA9B269C28CB04D100C267C6 /* Build configuration list for PBXProject "test-diffable-datasources" */ = {
			isa = XCConfigurationList;
			buildConfigurations = (
				CA9B26C928CB04D300C267C6 /* Debug */,
				CA9B26CA28CB04D300C267C6 /* Release */,
			);
			defaultConfigurationIsVisible = 0;
			defaultConfigurationName = Release;
		};
		CA9B26CB28CB04D300C267C6 /* Build configuration list for PBXNativeTarget "test-diffable-datasources" */ = {
			isa = XCConfigurationList;
			buildConfigurations = (
				CA9B26CC28CB04D300C267C6 /* Debug */,
				CA9B26CD28CB04D300C267C6 /* Release */,
			);
			defaultConfigurationIsVisible = 0;
			defaultConfigurationName = Release;
		};
		CA9B26CE28CB04D300C267C6 /* Build configuration list for PBXNativeTarget "test-diffable-datasourcesTests" */ = {
			isa = XCConfigurationList;
			buildConfigurations = (
				CA9B26CF28CB04D300C267C6 /* Debug */,
				CA9B26D028CB04D300C267C6 /* Release */,
			);
			defaultConfigurationIsVisible = 0;
			defaultConfigurationName = Release;
		};
		CA9B26D128CB04D300C267C6 /* Build configuration list for PBXNativeTarget "test-diffable-datasourcesUITests" */ = {
			isa = XCConfigurationList;
			buildConfigurations = (
				CA9B26D228CB04D300C267C6 /* Debug */,
				CA9B26D328CB04D300C267C6 /* Release */,
			);
			defaultConfigurationIsVisible = 0;
			defaultConfigurationName = Release;
		};
/* End XCConfigurationList section */
	};
	rootObject = CA9B269928CB04D100C267C6 /* Project object */;
}
